
Microsoft Visual Studio Solution File, Format Version 12.00
# Visual Studio Version 17
VisualStudioVersion = 17.0.31903.59
MinimumVisualStudioVersion = 10.0.40219.1
Project("{2150E333-8FDC-42A3-9474-1A3956D46DE8}") = "Solution Items", "Solution Items", "{6715C525-D268-469E-AAF3-4E2722C77BA2}"
	ProjectSection(SolutionItems) = preProject
		.editorconfig = .editorconfig
	EndProjectSection
EndProject
Project("{9A19103F-16F7-4668-BE54-9A1E7A4F7556}") = "StarRailTool", "StarRailTool\StarRailTool.csproj", "{65E4A28E-5A3A-4C23-B424-6449A89331E5}"
EndProject
Global
	GlobalSection(SolutionConfigurationPlatforms) = preSolution
		Debug|Any CPU = Debug|Any CPU
		Release|Any CPU = Release|Any CPU
	EndGlobalSection
	GlobalSection(ProjectConfigurationPlatforms) = postSolution
		{65E4A28E-5A3A-4C23-B424-6449A89331E5}.Debug|Any CPU.ActiveCfg = Debug|Any CPU
		{65E4A28E-5A3A-4C23-B424-6449A89331E5}.Debug|Any CPU.Build.0 = Debug|Any CPU
		{65E4A28E-5A3A-4C23-B424-6449A89331E5}.Release|Any CPU.ActiveCfg = Release|Any CPU
		{65E4A28E-5A3A-4C23-B424-6449A89331E5}.Release|Any CPU.Build.0 = Release|Any CPU
	EndGlobalSection
	GlobalSection(SolutionProperties) = preSolution
		HideSolutionNode = FALSE
	EndGlobalSection
	GlobalSection(ExtensibilityGlobals) = postSolution
		SolutionGuid = {10FFCB75-7EBE-4EF2-B539-D1E24ACE7EC0}
	EndGlobalSection
EndGlobal
